// !$*UTF8*$!
{
	archiveVersion = 1;
	classes = {
	};
	objectVersion = 46;
	objects = {

/* Begin PBXBuildFile section */
		33868C421A831A8400CB063A /* main.m in Sources */ = {isa = PBXBuildFile; fileRef = 33868C411A831A8400CB063A /* main.m */; };
		33868C451A831A8400CB063A /* AppDelegate.m in Sources */ = {isa = PBXBuildFile; fileRef = 33868C441A831A8400CB063A /* AppDelegate.m */; };
		33868C4D1A831A8400CB063A /* Images.xcassets in Resources */ = {isa = PBXBuildFile; fileRef = 33868C4C1A831A8400CB063A /* Images.xcassets */; };
		33868C501A831A8400CB063A /* LaunchScreen.xib in Resources */ = {isa = PBXBuildFile; fileRef = 33868C4E1A831A8400CB063A /* LaunchScreen.xib */; };
		33868C5C1A831A8400CB063A /* instagramTests.m in Sources */ = {isa = PBXBuildFile; fileRef = 33868C5B1A831A8400CB063A /* instagramTests.m */; };
		33868C691A831BCE00CB063A /* PhotosViewController.m in Sources */ = {isa = PBXBuildFile; fileRef = 33868C671A831BCE00CB063A /* PhotosViewController.m */; };
		33868C6A1A831BCE00CB063A /* PhotosViewController.xib in Resources */ = {isa = PBXBuildFile; fileRef = 33868C681A831BCE00CB063A /* PhotosViewController.xib */; };
		33868C6F1A831DE100CB063A /* PhotoTableViewCell.m in Sources */ = {isa = PBXBuildFile; fileRef = 33868C6D1A831DE100CB063A /* PhotoTableViewCell.m */; };
		33868C701A831DE100CB063A /* PhotoTableViewCell.xib in Resources */ = {isa = PBXBuildFile; fileRef = 33868C6E1A831DE100CB063A /* PhotoTableViewCell.xib */; };
		33868C741A8326D800CB063A /* PhotoDetailsViewController.m in Sources */ = {isa = PBXBuildFile; fileRef = 33868C721A8326D800CB063A /* PhotoDetailsViewController.m */; };
		33868C751A8326D800CB063A /* PhotoDetailsViewController.xib in Resources */ = {isa = PBXBuildFile; fileRef = 33868C731A8326D800CB063A /* PhotoDetailsViewController.xib */; };
		670067CA4CAA607B9B52886F /* libPods.a in Frameworks */ = {isa = PBXBuildFile; fileRef = F95A42379E794AE8C17C74A2 /* libPods.a */; };
/* End PBXBuildFile section */

/* Begin PBXContainerItemProxy section */
		33868C561A831A8400CB063A /* PBXContainerItemProxy */ = {
			isa = PBXContainerItemProxy;
			containerPortal = 33868C341A831A8400CB063A /* Project object */;
			proxyType = 1;
			remoteGlobalIDString = 33868C3B1A831A8400CB063A;
			remoteInfo = instagram;
		};
/* End PBXContainerItemProxy section */

/* Begin PBXFileReference section */
		33868C3C1A831A8400CB063A /* instagram.app */ = {isa = PBXFileReference; explicitFileType = wrapper.application; includeInIndex = 0; path = instagram.app; sourceTree = BUILT_PRODUCTS_DIR; };
		33868C401A831A8400CB063A /* Info.plist */ = {isa = PBXFileReference; lastKnownFileType = text.plist.xml; path = Info.plist; sourceTree = "<group>"; };
		33868C411A831A8400CB063A /* main.m */ = {isa = PBXFileReference; lastKnownFileType = sourcecode.c.objc; path = main.m; sourceTree = "<group>"; };
		33868C431A831A8400CB063A /* AppDelegate.h */ = {isa = PBXFileReference; lastKnownFileType = sourcecode.c.h; path = AppDelegate.h; sourceTree = "<group>"; };
		33868C441A831A8400CB063A /* AppDelegate.m */ = {isa = PBXFileReference; lastKnownFileType = sourcecode.c.objc; path = AppDelegate.m; sourceTree = "<group>"; };
		33868C4C1A831A8400CB063A /* Images.xcassets */ = {isa = PBXFileReference; lastKnownFileType = folder.assetcatalog; path = Images.xcassets; sourceTree = "<group>"; };
		33868C4F1A831A8400CB063A /* Base */ = {isa = PBXFileReference; lastKnownFileType = file.xib; name = Base; path = Base.lproj/LaunchScreen.xib; sourceTree = "<group>"; };
		33868C551A831A8400CB063A /* instagramTests.xctest */ = {isa = PBXFileReference; explicitFileType = wrapper.cfbundle; includeInIndex = 0; path = instagramTests.xctest; sourceTree = BUILT_PRODUCTS_DIR; };
		33868C5A1A831A8400CB063A /* Info.plist */ = {isa = PBXFileReference; lastKnownFileType = text.plist.xml; path = Info.plist; sourceTree = "<group>"; };
		33868C5B1A831A8400CB063A /* instagramTests.m */ = {isa = PBXFileReference; lastKnownFileType = sourcecode.c.objc; path = instagramTests.m; sourceTree = "<group>"; };
		33868C661A831BCE00CB063A /* PhotosViewController.h */ = {isa = PBXFileReference; fileEncoding = 4; lastKnownFileType = sourcecode.c.h; path = PhotosViewController.h; sourceTree = "<group>"; };
		33868C671A831BCE00CB063A /* PhotosViewController.m */ = {isa = PBXFileReference; fileEncoding = 4; lastKnownFileType = sourcecode.c.objc; path = PhotosViewController.m; sourceTree = "<group>"; };
		33868C681A831BCE00CB063A /* PhotosViewController.xib */ = {isa = PBXFileReference; fileEncoding = 4; lastKnownFileType = file.xib; path = PhotosViewController.xib; sourceTree = "<group>"; };
		33868C6C1A831DE100CB063A /* PhotoTableViewCell.h */ = {isa = PBXFileReference; fileEncoding = 4; lastKnownFileType = sourcecode.c.h; path = PhotoTableViewCell.h; sourceTree = "<group>"; };
		33868C6D1A831DE100CB063A /* PhotoTableViewCell.m */ = {isa = PBXFileReference; fileEncoding = 4; lastKnownFileType = sourcecode.c.objc; path = PhotoTableViewCell.m; sourceTree = "<group>"; };
		33868C6E1A831DE100CB063A /* PhotoTableViewCell.xib */ = {isa = PBXFileReference; fileEncoding = 4; lastKnownFileType = file.xib; path = PhotoTableViewCell.xib; sourceTree = "<group>"; };
		33868C711A8326D800CB063A /* PhotoDetailsViewController.h */ = {isa = PBXFileReference; fileEncoding = 4; lastKnownFileType = sourcecode.c.h; path = PhotoDetailsViewController.h; sourceTree = "<group>"; };
		33868C721A8326D800CB063A /* PhotoDetailsViewController.m */ = {isa = PBXFileReference; fileEncoding = 4; lastKnownFileType = sourcecode.c.objc; path = PhotoDetailsViewController.m; sourceTree = "<group>"; };
		33868C731A8326D800CB063A /* PhotoDetailsViewController.xib */ = {isa = PBXFileReference; fileEncoding = 4; lastKnownFileType = file.xib; path = PhotoDetailsViewController.xib; sourceTree = "<group>"; };
		B23DEA6B3F5FA45DB6428F57 /* Pods.debug.xcconfig */ = {isa = PBXFileReference; includeInIndex = 1; lastKnownFileType = text.xcconfig; name = Pods.debug.xcconfig; path = "Pods/Target Support Files/Pods/Pods.debug.xcconfig"; sourceTree = "<group>"; };
		B76B4EDFE2920840103648B4 /* Pods.release.xcconfig */ = {isa = PBXFileReference; includeInIndex = 1; lastKnownFileType = text.xcconfig; name = Pods.release.xcconfig; path = "Pods/Target Support Files/Pods/Pods.release.xcconfig"; sourceTree = "<group>"; };
		F95A42379E794AE8C17C74A2 /* libPods.a */ = {isa = PBXFileReference; explicitFileType = archive.ar; includeInIndex = 0; path = libPods.a; sourceTree = BUILT_PRODUCTS_DIR; };
/* End PBXFileReference section */

/* Begin PBXFrameworksBuildPhase section */
		33868C391A831A8400CB063A /* Frameworks */ = {
			isa = PBXFrameworksBuildPhase;
			buildActionMask = 2147483647;
			files = (
				670067CA4CAA607B9B52886F /* libPods.a in Frameworks */,
			);
			runOnlyForDeploymentPostprocessing = 0;
		};
		33868C521A831A8400CB063A /* Frameworks */ = {
			isa = PBXFrameworksBuildPhase;
			buildActionMask = 2147483647;
			files = (
			);
			runOnlyForDeploymentPostprocessing = 0;
		};
/* End PBXFrameworksBuildPhase section */

/* Begin PBXGroup section */
		1515CE505A26E95D95F65577 /* Pods */ = {
			isa = PBXGroup;
			children = (
				B23DEA6B3F5FA45DB6428F57 /* Pods.debug.xcconfig */,
				B76B4EDFE2920840103648B4 /* Pods.release.xcconfig */,
			);
			name = Pods;
			sourceTree = "<group>";
		};
		28A5D6D097FF2EB2F6C031CD /* Frameworks */ = {
			isa = PBXGroup;
			children = (
				F95A42379E794AE8C17C74A2 /* libPods.a */,
			);
			name = Frameworks;
			sourceTree = "<group>";
		};
		33868C331A831A8400CB063A = {
			isa = PBXGroup;
			children = (
				33868C3E1A831A8400CB063A /* instagram */,
				33868C581A831A8400CB063A /* instagramTests */,
				33868C3D1A831A8400CB063A /* Products */,
				1515CE505A26E95D95F65577 /* Pods */,
				28A5D6D097FF2EB2F6C031CD /* Frameworks */,
			);
			sourceTree = "<group>";
		};
		33868C3D1A831A8400CB063A /* Products */ = {
			isa = PBXGroup;
			children = (
				33868C3C1A831A8400CB063A /* instagram.app */,
				33868C551A831A8400CB063A /* instagramTests.xctest */,
			);
			name = Products;
			sourceTree = "<group>";
		};
		33868C3E1A831A8400CB063A /* instagram */ = {
			isa = PBXGroup;
			children = (
				33868C6B1A831DA500CB063A /* Views */,
				33868C651A831BB500CB063A /* ViewControllers */,
				33868C431A831A8400CB063A /* AppDelegate.h */,
				33868C441A831A8400CB063A /* AppDelegate.m */,
				33868C4C1A831A8400CB063A /* Images.xcassets */,
				33868C4E1A831A8400CB063A /* LaunchScreen.xib */,
				33868C3F1A831A8400CB063A /* Supporting Files */,
			);
			path = instagram;
			sourceTree = "<group>";
		};
		33868C3F1A831A8400CB063A /* Supporting Files */ = {
			isa = PBXGroup;
			children = (
				33868C401A831A8400CB063A /* Info.plist */,
				33868C411A831A8400CB063A /* main.m */,
			);
			name = "Supporting Files";
			sourceTree = "<group>";
		};
		33868C581A831A8400CB063A /* instagramTests */ = {
			isa = PBXGroup;
			children = (
				33868C5B1A831A8400CB063A /* instagramTests.m */,
				33868C591A831A8400CB063A /* Supporting Files */,
			);
			path = instagramTests;
			sourceTree = "<group>";
		};
		33868C591A831A8400CB063A /* Supporting Files */ = {
			isa = PBXGroup;
			children = (
				33868C5A1A831A8400CB063A /* Info.plist */,
			);
			name = "Supporting Files";
			sourceTree = "<group>";
		};
		33868C651A831BB500CB063A /* ViewControllers */ = {
			isa = PBXGroup;
			children = (
				33868C661A831BCE00CB063A /* PhotosViewController.h */,
				33868C671A831BCE00CB063A /* PhotosViewController.m */,
				33868C681A831BCE00CB063A /* PhotosViewController.xib */,
				33868C711A8326D800CB063A /* PhotoDetailsViewController.h */,
				33868C721A8326D800CB063A /* PhotoDetailsViewController.m */,
				33868C731A8326D800CB063A /* PhotoDetailsViewController.xib */,
			);
			name = ViewControllers;
			sourceTree = "<group>";
		};
		33868C6B1A831DA500CB063A /* Views */ = {
			isa = PBXGroup;
			children = (
				33868C6C1A831DE100CB063A /* PhotoTableViewCell.h */,
				33868C6D1A831DE100CB063A /* PhotoTableViewCell.m */,
				33868C6E1A831DE100CB063A /* PhotoTableViewCell.xib */,
			);
			name = Views;
			sourceTree = "<group>";
		};
/* End PBXGroup section */

/* Begin PBXNativeTarget section */
		33868C3B1A831A8400CB063A /* instagram */ = {
			isa = PBXNativeTarget;
			buildConfigurationList = 33868C5F1A831A8400CB063A /* Build configuration list for PBXNativeTarget "instagram" */;
			buildPhases = (
				57C24626A60BC3938C4609FF /* Check Pods Manifest.lock */,
				33868C381A831A8400CB063A /* Sources */,
				33868C391A831A8400CB063A /* Frameworks */,
				33868C3A1A831A8400CB063A /* Resources */,
				CE860F978382ECD01D702B21 /* Copy Pods Resources */,
			);
			buildRules = (
			);
			dependencies = (
			);
			name = instagram;
			productName = instagram;
			productReference = 33868C3C1A831A8400CB063A /* instagram.app */;
			productType = "com.apple.product-type.application";
		};
		33868C541A831A8400CB063A /* instagramTests */ = {
			isa = PBXNativeTarget;
			buildConfigurationList = 33868C621A831A8400CB063A /* Build configuration list for PBXNativeTarget "instagramTests" */;
			buildPhases = (
				33868C511A831A8400CB063A /* Sources */,
				33868C521A831A8400CB063A /* Frameworks */,
				33868C531A831A8400CB063A /* Resources */,
			);
			buildRules = (
			);
			dependencies = (
				33868C571A831A8400CB063A /* PBXTargetDependency */,
			);
			name = instagramTests;
			productName = instagramTests;
			productReference = 33868C551A831A8400CB063A /* instagramTests.xctest */;
			productType = "com.apple.product-type.bundle.unit-test";
		};
/* End PBXNativeTarget section */

/* Begin PBXProject section */
		33868C341A831A8400CB063A /* Project object */ = {
			isa = PBXProject;
			attributes = {
				LastUpgradeCheck = 0610;
				ORGANIZATIONNAME = naeim;
				TargetAttributes = {
					33868C3B1A831A8400CB063A = {
						CreatedOnToolsVersion = 6.1.1;
					};
					33868C541A831A8400CB063A = {
						CreatedOnToolsVersion = 6.1.1;
						TestTargetID = 33868C3B1A831A8400CB063A;
					};
				};
			};
			buildConfigurationList = 33868C371A831A8400CB063A /* Build configuration list for PBXProject "instagram" */;
			compatibilityVersion = "Xcode 3.2";
			developmentRegion = English;
			hasScannedForEncodings = 0;
			knownRegions = (
				en,
				Base,
			);
			mainGroup = 33868C331A831A8400CB063A;
			productRefGroup = 33868C3D1A831A8400CB063A /* Products */;
			projectDirPath = "";
			projectRoot = "";
			targets = (
				33868C3B1A831A8400CB063A /* instagram */,
				33868C541A831A8400CB063A /* instagramTests */,
			);
		};
/* End PBXProject section */

/* Begin PBXResourcesBuildPhase section */
		33868C3A1A831A8400CB063A /* Resources */ = {
			isa = PBXResourcesBuildPhase;
			buildActionMask = 2147483647;
			files = (
				33868C701A831DE100CB063A /* PhotoTableViewCell.xib in Resources */,
				33868C751A8326D800CB063A /* PhotoDetailsViewController.xib in Resources */,
				33868C6A1A831BCE00CB063A /* PhotosViewController.xib in Resources */,
				33868C501A831A8400CB063A /* LaunchScreen.xib in Resources */,
				33868C4D1A831A8400CB063A /* Images.xcassets in Resources */,
			);
			runOnlyForDeploymentPostprocessing = 0;
		};
		33868C531A831A8400CB063A /* Resources */ = {
			isa = PBXResourcesBuildPhase;
			buildActionMask = 2147483647;
			files = (
			);
			runOnlyForDeploymentPostprocessing = 0;
		};
/* End PBXResourcesBuildPhase section */

/* Begin PBXShellScriptBuildPhase section */
		57C24626A60BC3938C4609FF /* Check Pods Manifest.lock */ = {
			isa = PBXShellScriptBuildPhase;
			buildActionMask = 2147483647;
			files = (
			);
			inputPaths = (
			);
			name = "Check Pods Manifest.lock";
			outputPaths = (
			);
			runOnlyForDeploymentPostprocessing = 0;
			shellPath = /bin/sh;
			shellScript = "diff \"${PODS_ROOT}/../Podfile.lock\" \"${PODS_ROOT}/Manifest.lock\" > /dev/null\nif [[ $? != 0 ]] ; then\n    cat << EOM\nerror: The sandbox is not in sync with the Podfile.lock. Run 'pod install' or update your CocoaPods installation.\nEOM\n    exit 1\nfi\n";
			showEnvVarsInLog = 0;
		};
		CE860F978382ECD01D702B21 /* Copy Pods Resources */ = {
			isa = PBXShellScriptBuildPhase;
			buildActionMask = 2147483647;
			files = (
			);
			inputPaths = (
			);
			name = "Copy Pods Resources";
			outputPaths = (
			);
			runOnlyForDeploymentPostprocessing = 0;
			shellPath = /bin/sh;
			shellScript = "\"${SRCROOT}/Pods/Target Support Files/Pods/Pods-resources.sh\"\n";
			showEnvVarsInLog = 0;
		};
/* End PBXShellScriptBuildPhase section */

/* Begin PBXSourcesBuildPhase section */
		33868C381A831A8400CB063A /* Sources */ = {
			isa = PBXSourcesBuildPhase;
			buildActionMask = 2147483647;
			files = (
				33868C6F1A831DE100CB063A /* PhotoTableViewCell.m in Sources */,
				33868C451A831A8400CB063A /* AppDelegate.m in Sources */,
				33868C691A831BCE00CB063A /* PhotosViewController.m in Sources */,
				33868C421A831A8400CB063A /* main.m in Sources */,
				33868C741A8326D800CB063A /* PhotoDetailsViewController.m in Sources */,
			);
			runOnlyForDeploymentPostprocessing = 0;
		};
		33868C511A831A8400CB063A /* Sources */ = {
			isa = PBXSourcesBuildPhase;
			buildActionMask = 2147483647;
			files = (
				33868C5C1A831A8400CB063A /* instagramTests.m in Sources */,
			);
			runOnlyForDeploymentPostprocessing = 0;
		};
/* End PBXSourcesBuildPhase section */

/* Begin PBXTargetDependency section */
		33868C571A831A8400CB063A /* PBXTargetDependency */ = {
			isa = PBXTargetDependency;
			target = 33868C3B1A831A8400CB063A /* instagram */;
			targetProxy = 33868C561A831A8400CB063A /* PBXContainerItemProxy */;
		};
/* End PBXTargetDependency section */

/* Begin PBXVariantGroup section */
		33868C4E1A831A8400CB063A /* LaunchScreen.xib */ = {
			isa = PBXVariantGroup;
			children = (
				33868C4F1A831A8400CB063A /* Base */,
			);
			name = LaunchScreen.xib;
			sourceTree = "<group>";
		};
/* End PBXVariantGroup section */

/* Begin XCBuildConfiguration section */
		33868C5D1A831A8400CB063A /* Debug */ = {
			isa = XCBuildConfiguration;
			buildSettings = {
				ALWAYS_SEARCH_USER_PATHS = NO;
				CLANG_CXX_LANGUAGE_STANDARD = "gnu++0x";
				CLANG_CXX_LIBRARY = "libc++";
				CLANG_ENABLE_MODULES = YES;
				CLANG_ENABLE_OBJC_ARC = YES;
				CLANG_WARN_BOOL_CONVERSION = YES;
				CLANG_WARN_CONSTANT_CONVERSION = YES;
				CLANG_WARN_DIRECT_OBJC_ISA_USAGE = YES_ERROR;
				CLANG_WARN_EMPTY_BODY = YES;
				CLANG_WARN_ENUM_CONVERSION = YES;
				CLANG_WARN_INT_CONVERSION = YES;
				CLANG_WARN_OBJC_ROOT_CLASS = YES_ERROR;
				CLANG_WARN_UNREACHABLE_CODE = YES;
				CLANG_WARN__DUPLICATE_METHOD_MATCH = YES;
				"CODE_SIGN_IDENTITY[sdk=iphoneos*]" = "iPhone Developer";
				COPY_PHASE_STRIP = NO;
				ENABLE_STRICT_OBJC_MSGSEND = YES;
				GCC_C_LANGUAGE_STANDARD = gnu99;
				GCC_DYNAMIC_NO_PIC = NO;
				GCC_OPTIMIZATION_LEVEL = 0;
				GCC_PREPROCESSOR_DEFINITIONS = (
					"DEBUG=1",
					"$(inherited)",
				);
				GCC_SYMBOLS_PRIVATE_EXTERN = NO;
				GCC_WARN_64_TO_32_BIT_CONVERSION = YES;
				GCC_WARN_ABOUT_RETURN_TYPE = YES_ERROR;
				GCC_WARN_UNDECLARED_SELECTOR = YES;
				GCC_WARN_UNINITIALIZED_AUTOS = YES_AGGRESSIVE;
				GCC_WARN_UNUSED_FUNCTION = YES;
				GCC_WARN_UNUSED_VARIABLE = YES;
				IPHONEOS_DEPLOYMENT_TARGET = 8.1;
				MTL_ENABLE_DEBUG_INFO = YES;
				ONLY_ACTIVE_ARCH = YES;
				SDKROOT = iphoneos;
			};
			name = Debug;
		};
		33868C5E1A831A8400CB063A /* Release */ = {
			isa = XCBuildConfiguration;
			buildSettings = {
				ALWAYS_SEARCH_USER_PATHS = NO;
				CLANG_CXX_LANGUAGE_STANDARD = "gnu++0x";
				CLANG_CXX_LIBRARY = "libc++";
				CLANG_ENABLE_MODULES = YES;
				CLANG_ENABLE_OBJC_ARC = YES;
				CLANG_WARN_BOOL_CONVERSION = YES;
				CLANG_WARN_CONSTANT_CONVERSION = YES;
				CLANG_WARN_DIRECT_OBJC_ISA_USAGE = YES_ERROR;
				CLANG_WARN_EMPTY_BODY = YES;
				CLANG_WARN_ENUM_CONVERSION = YES;
				CLANG_WARN_INT_CONVERSION = YES;
				CLANG_WARN_OBJC_ROOT_CLASS = YES_ERROR;
				CLANG_WARN_UNREACHABLE_CODE = YES;
				CLANG_WARN__DUPLICATE_METHOD_MATCH = YES;
				"CODE_SIGN_IDENTITY[sdk=iphoneos*]" = "iPhone Developer";
				COPY_PHASE_STRIP = YES;
				ENABLE_NS_ASSERTIONS = NO;
				ENABLE_STRICT_OBJC_MSGSEND = YES;
				GCC_C_LANGUAGE_STANDARD = gnu99;
				GCC_WARN_64_TO_32_BIT_CONVERSION = YES;
				GCC_WARN_ABOUT_RETURN_TYPE = YES_ERROR;
				GCC_WARN_UNDECLARED_SELECTOR = YES;
				GCC_WARN_UNINITIALIZED_AUTOS = YES_AGGRESSIVE;
				GCC_WARN_UNUSED_FUNCTION = YES;
				GCC_WARN_UNUSED_VARIABLE = YES;
				IPHONEOS_DEPLOYMENT_TARGET = 8.1;
				MTL_ENABLE_DEBUG_INFO = NO;
				SDKROOT = iphoneos;
				VALIDATE_PRODUCT = YES;
			};
			name = Release;
		};
		33868C601A831A8400CB063A /* Debug */ = {
			isa = XCBuildConfiguration;
			baseConfigurationReference = B23DEA6B3F5FA45DB6428F57 /* Pods.debug.xcconfig */;
			buildSettings = {
				ASSETCATALOG_COMPILER_APPICON_NAME = AppIcon;
				INFOPLIST_FILE = instagram/Info.plist;
				LD_RUNPATH_SEARCH_PATHS = "$(inherited) @executable_path/Frameworks";
				PRODUCT_NAME = "$(TARGET_NAME)";
			};
			name = Debug;
		};
		33868C611A831A8400CB063A /* Release */ = {
			isa = XCBuildConfiguration;
			baseConfigurationReference = B76B4EDFE2920840103648B4 /* Pods.release.xcconfig */;
			buildSettings = {
				ASSETCATALOG_COMPILER_APPICON_NAME = AppIcon;
				INFOPLIST_FILE = instagram/Info.plist;
				LD_RUNPATH_SEARCH_PATHS = "$(inherited) @executable_path/Frameworks";
				PRODUCT_NAME = "$(TARGET_NAME)";
			};
			name = Release;
		};
		33868C631A831A8400CB063A /* Debug */ = {
			isa = XCBuildConfiguration;
			buildSettings = {
				BUNDLE_LOADER = "$(TEST_HOST)";
				FRAMEWORK_SEARCH_PATHS = (
					"$(SDKROOT)/Developer/Library/Frameworks",
					"$(inherited)",
				);
				GCC_PREPROCESSOR_DEFINITIONS = (
					"DEBUG=1",
					"$(inherited)",
				);
				INFOPLIST_FILE = instagramTests/Info.plist;
				LD_RUNPATH_SEARCH_PATHS = "$(inherited) @executable_path/Frameworks @loader_path/Frameworks";
				PRODUCT_NAME = "$(TARGET_NAME)";
				TEST_HOST = "$(BUILT_PRODUCTS_DIR)/instagram.app/instagram";
			};
			name = Debug;
		};
		33868C641A831A8400CB063A /* Release */ = {
			isa = XCBuildConfiguration;
			buildSettings = {
				BUNDLE_LOADER = "$(TEST_HOST)";
				FRAMEWORK_SEARCH_PATHS = (
					"$(SDKROOT)/Developer/Library/Frameworks",
					"$(inherited)",
				);
				INFOPLIST_FILE = instagramTests/Info.plist;
				LD_RUNPATH_SEARCH_PATHS = "$(inherited) @executable_path/Frameworks @loader_path/Frameworks";
				PRODUCT_NAME = "$(TARGET_NAME)";
				TEST_HOST = "$(BUILT_PRODUCTS_DIR)/instagram.app/instagram";
			};
			name = Release;
		};
/* End XCBuildConfiguration section */

/* Begin XCConfigurationList section */
		33868C371A831A8400CB063A /* Build configuration list for PBXProject "instagram" */ = {
			isa = XCConfigurationList;
			buildConfigurations = (
				33868C5D1A831A8400CB063A /* Debug */,
				33868C5E1A831A8400CB063A /* Release */,
			);
			defaultConfigurationIsVisible = 0;
			defaultConfigurationName = Release;
		};
		33868C5F1A831A8400CB063A /* Build configuration list for PBXNativeTarget "instagram" */ = {
			isa = XCConfigurationList;
			buildConfigurations = (
				33868C601A831A8400CB063A /* Debug */,
				33868C611A831A8400CB063A /* Release */,
			);
			defaultConfigurationIsVisible = 0;
			defaultConfigurationName = Release;
		};
		33868C621A831A8400CB063A /* Build configuration list for PBXNativeTarget "instagramTests" */ = {
			isa = XCConfigurationList;
			buildConfigurations = (
				33868C631A831A8400CB063A /* Debug */,
				33868C641A831A8400CB063A /* Release */,
			);
			defaultConfigurationIsVisible = 0;
			defaultConfigurationName = Release;
		};
/* End XCConfigurationList section */
	};
	rootObject = 33868C341A831A8400CB063A /* Project object */;
}
